
Microsoft Visual Studio Solution File, Format Version 12.00
# Visual Studio Version 16
VisualStudioVersion = 16.0.31729.503
MinimumVisualStudioVersion = 10.0.40219.1
Project("{FAE04EC0-301F-11D3-BF4B-00C04F79EFBC}") = "wissenwebmobil_intro", "wissenwebmobil_intro\wissenwebmobil_intro.csproj", "{2CE0F275-00AA-469A-8268-F83F0EBE46EF}"
EndProject
Project("{2150E333-8FDC-42A3-9474-1A3956D46DE8}") = "Gun1", "Gun1", "{28B65125-D5AC-49BA-9937-738A34E74C44}"
EndProject
Project("{FAE04EC0-301F-11D3-BF4B-00C04F79EFBC}") = "Degiskenler", "Degiskenler\Degiskenler.csproj", "{E17DFEB5-D47D-4982-B819-811E824EE8C9}"
EndProject
Project("{FAE04EC0-301F-11D3-BF4B-00C04F79EFBC}") = "Degiskenlerdeneme", "Degiskenlerdeneme\Degiskenlerdeneme.csproj", "{D85D4F46-83B0-415A-9707-06A0C510996A}"
EndProject
Project("{2150E333-8FDC-42A3-9474-1A3956D46DE8}") = "Gun2", "Gun2", "{CD7A7EED-95AA-44B4-A7D3-15D6D1BB0566}"
EndProject
Project("{2150E333-8FDC-42A3-9474-1A3956D46DE8}") = "Gun3", "Gun3", "{B8B44864-5073-4B69-BC9E-D8A474D74F6B}"
EndProject
Project("{2150E333-8FDC-42A3-9474-1A3956D46DE8}") = "Gun4", "Gun4", "{C770E433-37F0-4E07-B8EE-4A2187B30C2F}"
EndProject
Project("{2150E333-8FDC-42A3-9474-1A3956D46DE8}") = "Gun5", "Gun5", "{434AA2F2-9296-493A-A290-DF0067267523}"
EndProject
Project("{FAE04EC0-301F-11D3-BF4B-00C04F79EFBC}") = "KararYapilariveDonguler", "KararYapilariveDonguler\KararYapilariveDonguler.csproj", "{B00596C3-C442-4459-88CE-28B127B931ED}"
EndProject
Project("{FAE04EC0-301F-11D3-BF4B-00C04F79EFBC}") = "KararYapilariveDongulerdeneme", "KararYapilariveDongulerdeneme\KararYapilariveDongulerdeneme.csproj", "{8AB73430-24C6-4372-A4C2-C26C220ED021}"
EndProject
Project("{FAE04EC0-301F-11D3-BF4B-00C04F79EFBC}") = "InputIslemleri", "InputIslemleri\InputIslemleri.csproj", "{0343B77E-EA39-4886-AC36-D31B9F14E16C}"
EndProject
Project("{FAE04EC0-301F-11D3-BF4B-00C04F79EFBC}") = "InputIslemlerideneme", "InputIslemlerideneme\InputIslemlerideneme.csproj", "{4980F475-ADE3-4865-AA72-83E3AE28DA7A}"
EndProject
Project("{FAE04EC0-301F-11D3-BF4B-00C04F79EFBC}") = "RandomNesnesi", "RandomNesnesi\RandomNesnesi.csproj", "{558CDAC5-8457-40AA-9CDF-95CEFA7EB6C7}"
EndProject
Global
	GlobalSection(SolutionConfigurationPlatforms) = preSolution
		Debug|Any CPU = Debug|Any CPU
		Release|Any CPU = Release|Any CPU
	EndGlobalSection
	GlobalSection(ProjectConfigurationPlatforms) = postSolution
		{2CE0F275-00AA-469A-8268-F83F0EBE46EF}.Debug|Any CPU.ActiveCfg = Debug|Any CPU
		{2CE0F275-00AA-469A-8268-F83F0EBE46EF}.Debug|Any CPU.Build.0 = Debug|Any CPU
		{2CE0F275-00AA-469A-8268-F83F0EBE46EF}.Release|Any CPU.ActiveCfg = Release|Any CPU
		{2CE0F275-00AA-469A-8268-F83F0EBE46EF}.Release|Any CPU.Build.0 = Release|Any CPU
		{E17DFEB5-D47D-4982-B819-811E824EE8C9}.Debug|Any CPU.ActiveCfg = Debug|Any CPU
		{E17DFEB5-D47D-4982-B819-811E824EE8C9}.Debug|Any CPU.Build.0 = Debug|Any CPU
		{E17DFEB5-D47D-4982-B819-811E824EE8C9}.Release|Any CPU.ActiveCfg = Release|Any CPU
		{E17DFEB5-D47D-4982-B819-811E824EE8C9}.Release|Any CPU.Build.0 = Release|Any CPU
		{D85D4F46-83B0-415A-9707-06A0C510996A}.Debug|Any CPU.ActiveCfg = Debug|Any CPU
		{D85D4F46-83B0-415A-9707-06A0C510996A}.Debug|Any CPU.Build.0 = Debug|Any CPU
		{D85D4F46-83B0-415A-9707-06A0C510996A}.Release|Any CPU.ActiveCfg = Release|Any CPU
		{D85D4F46-83B0-415A-9707-06A0C510996A}.Release|Any CPU.Build.0 = Release|Any CPU
		{B00596C3-C442-4459-88CE-28B127B931ED}.Debug|Any CPU.ActiveCfg = Debug|Any CPU
		{B00596C3-C442-4459-88CE-28B127B931ED}.Debug|Any CPU.Build.0 = Debug|Any CPU
		{B00596C3-C442-4459-88CE-28B127B931ED}.Release|Any CPU.ActiveCfg = Release|Any CPU
		{B00596C3-C442-4459-88CE-28B127B931ED}.Release|Any CPU.Build.0 = Release|Any CPU
		{8AB73430-24C6-4372-A4C2-C26C220ED021}.Debug|Any CPU.ActiveCfg = Debug|Any CPU
		{8AB73430-24C6-4372-A4C2-C26C220ED021}.Debug|Any CPU.Build.0 = Debug|Any CPU
		{8AB73430-24C6-4372-A4C2-C26C220ED021}.Release|Any CPU.ActiveCfg = Release|Any CPU
		{8AB73430-24C6-4372-A4C2-C26C220ED021}.Release|Any CPU.Build.0 = Release|Any CPU
		{0343B77E-EA39-4886-AC36-D31B9F14E16C}.Debug|Any CPU.ActiveCfg = Debug|Any CPU
		{0343B77E-EA39-4886-AC36-D31B9F14E16C}.Debug|Any CPU.Build.0 = Debug|Any CPU
		{0343B77E-EA39-4886-AC36-D31B9F14E16C}.Release|Any CPU.ActiveCfg = Release|Any CPU
		{0343B77E-EA39-4886-AC36-D31B9F14E16C}.Release|Any CPU.Build.0 = Release|Any CPU
		{4980F475-ADE3-4865-AA72-83E3AE28DA7A}.Debug|Any CPU.ActiveCfg = Debug|Any CPU
		{4980F475-ADE3-4865-AA72-83E3AE28DA7A}.Debug|Any CPU.Build.0 = Debug|Any CPU
		{4980F475-ADE3-4865-AA72-83E3AE28DA7A}.Release|Any CPU.ActiveCfg = Release|Any CPU
		{4980F475-ADE3-4865-AA72-83E3AE28DA7A}.Release|Any CPU.Build.0 = Release|Any CPU
		{558CDAC5-8457-40AA-9CDF-95CEFA7EB6C7}.Debug|Any CPU.ActiveCfg = Debug|Any CPU
		{558CDAC5-8457-40AA-9CDF-95CEFA7EB6C7}.Debug|Any CPU.Build.0 = Debug|Any CPU
		{558CDAC5-8457-40AA-9CDF-95CEFA7EB6C7}.Release|Any CPU.ActiveCfg = Release|Any CPU
		{558CDAC5-8457-40AA-9CDF-95CEFA7EB6C7}.Release|Any CPU.Build.0 = Release|Any CPU
	EndGlobalSection
	GlobalSection(SolutionProperties) = preSolution
		HideSolutionNode = FALSE
	EndGlobalSection
	GlobalSection(NestedProjects) = preSolution
		{E17DFEB5-D47D-4982-B819-811E824EE8C9} = {28B65125-D5AC-49BA-9937-738A34E74C44}
		{D85D4F46-83B0-415A-9707-06A0C510996A} = {28B65125-D5AC-49BA-9937-738A34E74C44}
		{B00596C3-C442-4459-88CE-28B127B931ED} = {28B65125-D5AC-49BA-9937-738A34E74C44}
		{8AB73430-24C6-4372-A4C2-C26C220ED021} = {28B65125-D5AC-49BA-9937-738A34E74C44}
		{0343B77E-EA39-4886-AC36-D31B9F14E16C} = {28B65125-D5AC-49BA-9937-738A34E74C44}
		{4980F475-ADE3-4865-AA72-83E3AE28DA7A} = {28B65125-D5AC-49BA-9937-738A34E74C44}
		{558CDAC5-8457-40AA-9CDF-95CEFA7EB6C7} = {CD7A7EED-95AA-44B4-A7D3-15D6D1BB0566}
	EndGlobalSection
	GlobalSection(ExtensibilityGlobals) = postSolution
		SolutionGuid = {E7449490-88E9-430B-9758-A4DBE6620019}
	EndGlobalSection
EndGlobal
